
Microsoft Visual Studio Solution File, Format Version 12.00
# Visual Studio 15
VisualStudioVersion = 15.0.28307.1209
MinimumVisualStudioVersion = 10.0.40219.1
Project("{8BC9CEB8-8B4A-11D0-8D11-00A0C91BC942}") = "ktu-pr3", "ktu-pr3\ktu-pr3.vcxproj", "{87C63696-CF0C-4176-B741-A8ECE7CAF605}"
EndProject
Project("{2150E333-8FDC-42A3-9474-1A3956D46DE8}") = "Solution Items", "Solution Items", "{10EA2039-8AB9-4DF4-8CCF-4295E3E72D44}"
EndProject
Global
	GlobalSection(SolutionConfigurationPlatforms) = preSolution
		Debug|x64 = Debug|x64
		Debug|x86 = Debug|x86
		Release|x64 = Release|x64
		Release|x86 = Release|x86
	EndGlobalSection
	GlobalSection(ProjectConfigurationPlatforms) = postSolution
		{87C63696-CF0C-4176-B741-A8ECE7CAF605}.Debug|x64.ActiveCfg = Debug|x64
		{87C63696-CF0C-4176-B741-A8ECE7CAF605}.Debug|x64.Build.0 = Debug|x64
		{87C63696-CF0C-4176-B741-A8ECE7CAF605}.Debug|x86.ActiveCfg = Debug|Win32
		{87C63696-CF0C-4176-B741-A8ECE7CAF605}.Debug|x86.Build.0 = Debug|Win32
		{87C63696-CF0C-4176-B741-A8ECE7CAF605}.Release|x64.ActiveCfg = Release|x64
		{87C63696-CF0C-4176-B741-A8ECE7CAF605}.Release|x64.Build.0 = Release|x64
		{87C63696-CF0C-4176-B741-A8ECE7CAF605}.Release|x86.ActiveCfg = Release|Win32
		{87C63696-CF0C-4176-B741-A8ECE7CAF605}.Release|x86.Build.0 = Release|Win32
	EndGlobalSection
	GlobalSection(SolutionProperties) = preSolution
		HideSolutionNode = FALSE
	EndGlobalSection
	GlobalSection(ExtensibilityGlobals) = postSolution
		SolutionGuid = {76FE2E88-CBB5-41E9-91F8-C93D7F35A2CD}
	EndGlobalSection
EndGlobal
